<?xml version="1.0" encoding="utf-8"?>
<Project ToolsVersion="4.0" xmlns="http://schemas.microsoft.com/developer/msbuild/2003">
  <ItemGroup>
    <Filter Include="源文件">
      <UniqueIdentifier>{4FC737F1-C7A5-4376-A066-2A32D752A2FF}</UniqueIdentifier>
      <Extensions>cpp;c;cc;cxx;def;odl;idl;hpj;bat;asm;asmx</Extensions>
    </Filter>
    <Filter Include="头文件">
      <UniqueIdentifier>{93995380-89BD-4b04-88EB-625FBE52EBFB}</UniqueIdentifier>
      <Extensions>h;hpp;hxx;hm;inl;inc;xsd</Extensions>
    </Filter>
    <Filter Include="资源文件">
      <UniqueIdentifier>{67DA6AB6-F800-4c08-8B7A-83BB121AAD01}</UniqueIdentifier>
      <Extensions>rc;ico;cur;bmp;dlg;rc2;rct;bin;rgs;gif;jpg;jpeg;jpe;resx;tiff;tif;png;wav;mfcribbon-ms</Extensions>
    </Filter>
    <Filter Include="FuncRegister">
      <UniqueIdentifier>{d6860197-5383-4c66-8798-81ff946475f5}</UniqueIdentifier>
    </Filter>
    <Filter Include="FuncRegister\include">
      <UniqueIdentifier>{fc2a4b58-24be-486f-abbe-5bad9788896a}</UniqueIdentifier>
    </Filter>
    <Filter Include="FuncRegister\src">
      <UniqueIdentifier>{aefa538d-bc14-49b8-9923-41e62db583b6}</UniqueIdentifier>
    </Filter>
    <Filter Include="DataTransfer">
      <UniqueIdentifier>{ca3ab1fa-3a0b-4753-abc4-49f70b8857c8}</UniqueIdentifier>
    </Filter>
    <Filter Include="DataTransfer\include">
      <UniqueIdentifier>{a7fabb8c-fdb0-4f50-b8f1-23bba7ce7685}</UniqueIdentifier>
    </Filter>
    <Filter Include="DataTransfer\src">
      <UniqueIdentifier>{062c9ec6-9a8b-4723-bd3d-55221330bee8}</UniqueIdentifier>
    </Filter>
  </ItemGroup>
  <ItemGroup>
    <ClInclude Include="corrstar.h">
      <Filter>头文件</Filter>
    </ClInclude>
    <ClInclude Include="disposefuncs.h">
      <Filter>头文件</Filter>
    </ClInclude>
    <ClInclude Include="messagequeue.h">
      <Filter>FuncRegister\include</Filter>
    </ClInclude>
    <ClInclude Include="registfuncs.h">
      <Filter>FuncRegister\include</Filter>
    </ClInclude>
    <ClInclude Include="requestroute.h">
      <Filter>FuncRegister\include</Filter>
    </ClInclude>
    <ClInclude Include="datatransfer.h">
      <Filter>DataTransfer\include</Filter>
    </ClInclude>
    <ClInclude Include="udpserver.h">
      <Filter>DataTransfer\include</Filter>
    </ClInclude>
    <ClInclude Include="time_m.h">
      <Filter>头文件</Filter>
    </ClInclude>
    <ClInclude Include="datacache.h">
      <Filter>DataTransfer\include</Filter>
    </ClInclude>
    <ClInclude Include="DB.h">
      <Filter>DataTransfer\include</Filter>
    </ClInclude>
    <ClInclude Include="timer.h">
      <Filter>头文件</Filter>
    </ClInclude>
    <ClInclude Include="tree.h">
      <Filter>头文件</Filter>
    </ClInclude>
  </ItemGroup>
  <ItemGroup>
    <ClCompile Include="corrstar.cpp">
      <Filter>源文件</Filter>
    </ClCompile>
    <ClCompile Include="requestroute.cpp">
      <Filter>FuncRegister\src</Filter>
    </ClCompile>
    <ClCompile Include="messagequeue.cpp">
      <Filter>FuncRegister\src</Filter>
    </ClCompile>
    <ClCompile Include="disposefuncs.cpp">
      <Filter>源文件</Filter>
    </ClCompile>
    <ClCompile Include="udpserver.cpp">
      <Filter>DataTransfer\src</Filter>
    </ClCompile>
    <ClCompile Include="time_m.cpp">
      <Filter>源文件</Filter>
    </ClCompile>
    <ClCompile Include="DB.cpp">
      <Filter>DataTransfer\src</Filter>
    </ClCompile>
    <ClCompile Include="datacache.cpp">
      <Filter>DataTransfer\src</Filter>
    </ClCompile>
    <ClCompile Include="timer.cpp">
      <Filter>源文件</Filter>
    </ClCompile>
    <ClCompile Include="tree.cpp">
      <Filter>源文件</Filter>
    </ClCompile>
  </ItemGroup>
  <ItemGroup>
    <Library Include="..\lib\json.lib" />
  </ItemGroup>
</Project>